
Microsoft Visual Studio Solution File, Format Version 12.00
# Visual Studio Version 17
VisualStudioVersion = 17.10.35013.160
MinimumVisualStudioVersion = 10.0.40219.1
Project("{2150E333-8FDC-42A3-9474-1A3956D46DE8}") = "src", "src", "{32D1F672-1233-4732-BEA4-D705936C4717}"
EndProject
Project("{2150E333-8FDC-42A3-9474-1A3956D46DE8}") = "tests", "tests", "{17E5FBCF-A921-4DEC-8037-8C0BA693BD41}"
EndProject
Project("{9A19103F-16F7-4668-BE54-9A1E7A4F7556}") = "TechChallenge.CreateContact", "src\TechChallenge.CreateContact\TechChallenge.CreateContact.csproj", "{B9A81637-933B-46A9-B19B-A81228E6D94B}"
EndProject
Project("{9A19103F-16F7-4668-BE54-9A1E7A4F7556}") = "TechChallenge.CreateContact.UnitTest", "tests\TechChallenge.CreateContact.UnitTest\TechChallenge.CreateContact.UnitTest.csproj", "{E5D3975C-11C0-467E-BE5E-982C0437D1A4}"
EndProject
Project("{9A19103F-16F7-4668-BE54-9A1E7A4F7556}") = "TechChallenge.CreateContact.IntegrationTest", "tests\TechChallenge.CreateContact.IntegrationTest\TechChallenge.CreateContact.IntegrationTest.csproj", "{63AEA82C-5DF7-4DE6-B3ED-6D1BA6BE6302}"
EndProject
Global
	GlobalSection(SolutionConfigurationPlatforms) = preSolution
		Debug|Any CPU = Debug|Any CPU
		Release|Any CPU = Release|Any CPU
	EndGlobalSection
	GlobalSection(ProjectConfigurationPlatforms) = postSolution
		{B9A81637-933B-46A9-B19B-A81228E6D94B}.Debug|Any CPU.ActiveCfg = Debug|Any CPU
		{B9A81637-933B-46A9-B19B-A81228E6D94B}.Debug|Any CPU.Build.0 = Debug|Any CPU
		{B9A81637-933B-46A9-B19B-A81228E6D94B}.Release|Any CPU.ActiveCfg = Release|Any CPU
		{B9A81637-933B-46A9-B19B-A81228E6D94B}.Release|Any CPU.Build.0 = Release|Any CPU
		{E5D3975C-11C0-467E-BE5E-982C0437D1A4}.Debug|Any CPU.ActiveCfg = Debug|Any CPU
		{E5D3975C-11C0-467E-BE5E-982C0437D1A4}.Debug|Any CPU.Build.0 = Debug|Any CPU
		{E5D3975C-11C0-467E-BE5E-982C0437D1A4}.Release|Any CPU.ActiveCfg = Release|Any CPU
		{E5D3975C-11C0-467E-BE5E-982C0437D1A4}.Release|Any CPU.Build.0 = Release|Any CPU
		{63AEA82C-5DF7-4DE6-B3ED-6D1BA6BE6302}.Debug|Any CPU.ActiveCfg = Debug|Any CPU
		{63AEA82C-5DF7-4DE6-B3ED-6D1BA6BE6302}.Debug|Any CPU.Build.0 = Debug|Any CPU
		{63AEA82C-5DF7-4DE6-B3ED-6D1BA6BE6302}.Release|Any CPU.ActiveCfg = Release|Any CPU
		{63AEA82C-5DF7-4DE6-B3ED-6D1BA6BE6302}.Release|Any CPU.Build.0 = Release|Any CPU
	EndGlobalSection
	GlobalSection(SolutionProperties) = preSolution
		HideSolutionNode = FALSE
	EndGlobalSection
	GlobalSection(NestedProjects) = preSolution
		{B9A81637-933B-46A9-B19B-A81228E6D94B} = {32D1F672-1233-4732-BEA4-D705936C4717}
		{E5D3975C-11C0-467E-BE5E-982C0437D1A4} = {17E5FBCF-A921-4DEC-8037-8C0BA693BD41}
		{63AEA82C-5DF7-4DE6-B3ED-6D1BA6BE6302} = {17E5FBCF-A921-4DEC-8037-8C0BA693BD41}
	EndGlobalSection
	GlobalSection(ExtensibilityGlobals) = postSolution
		SolutionGuid = {5C76FF30-12C1-4B51-89F6-8F1180C69947}
	EndGlobalSection
EndGlobal
